{
  "name": "tb-http-adapter",
  "version": "1.0.0",
  "lockfileVersion": 3,
  "requires": true,
  "packages": {
    "": {
      "name": "tb-http-adapter",
      "version": "1.0.0",
      "dependencies": {
        "tigerbeetle-node": "0.16.66"
      },
      "engines": {
        "node": ">=22"
      }
    },
    "node_modules/tigerbeetle-node": {
      "version": "0.16.66",
      "resolved": "https://registry.npmjs.org/tigerbeetle-node/-/tigerbeetle-node-0.16.66.tgz",
      "integrity": "sha512-udvjrbZjxqbUPfHf9yrF22ajV5BitrPS0eF5ZSIukh66IqYxcMVwGd0Jhd/LDdtmSfTrRFKfGi8Dmi67NlIG4g==",
      "license": "Apache-2.0",
      "engines": {
        "node": ">=14.0.0"
      }
    }
  }
}
